
Microsoft Visual Studio Solution File, Format Version 12.00
# Visual Studio 15
VisualStudioVersion = 15.0.27428.2011
MinimumVisualStudioVersion = 10.0.40219.1
Project("{FAE04EC0-301F-11D3-BF4B-00C04F79EFBC}") = "BaiduTransfor", "BaiduTransfor\BaiduTransfor.csproj", "{9F5F0528-0DFB-4F2F-B21F-6877072A7839}"
EndProject
Project("{FAE04EC0-301F-11D3-BF4B-00C04F79EFBC}") = "BDTranslateAPI", "BDTranslate\BDTranslateAPI.csproj", "{D0288D3C-E845-48B3-9B93-A5DA7667E457}"
EndProject
Global
	GlobalSection(SolutionConfigurationPlatforms) = preSolution
		Debug|Any CPU = Debug|Any CPU
		Release|Any CPU = Release|Any CPU
	EndGlobalSection
	GlobalSection(ProjectConfigurationPlatforms) = postSolution
		{9F5F0528-0DFB-4F2F-B21F-6877072A7839}.Debug|Any CPU.ActiveCfg = Debug|Any CPU
		{9F5F0528-0DFB-4F2F-B21F-6877072A7839}.Debug|Any CPU.Build.0 = Debug|Any CPU
		{9F5F0528-0DFB-4F2F-B21F-6877072A7839}.Release|Any CPU.ActiveCfg = Release|Any CPU
		{9F5F0528-0DFB-4F2F-B21F-6877072A7839}.Release|Any CPU.Build.0 = Release|Any CPU
		{D0288D3C-E845-48B3-9B93-A5DA7667E457}.Debug|Any CPU.ActiveCfg = Debug|Any CPU
		{D0288D3C-E845-48B3-9B93-A5DA7667E457}.Debug|Any CPU.Build.0 = Debug|Any CPU
		{D0288D3C-E845-48B3-9B93-A5DA7667E457}.Release|Any CPU.ActiveCfg = Release|Any CPU
		{D0288D3C-E845-48B3-9B93-A5DA7667E457}.Release|Any CPU.Build.0 = Release|Any CPU
	EndGlobalSection
	GlobalSection(SolutionProperties) = preSolution
		HideSolutionNode = FALSE
	EndGlobalSection
	GlobalSection(ExtensibilityGlobals) = postSolution
		SolutionGuid = {A8F80C2D-696B-4254-9151-B1A688E109E7}
	EndGlobalSection
EndGlobal
